{
  "name": "klok-bot",
  "version": "1.0.0",
  "lockfileVersion": 3,
  "requires": true,
  "packages": {
    "": {
      "name": "klok-bot",
      "version": "1.0.0",
      "license": "ISC",
      "dependencies": {
        "axios": "^1.7.9",
        "blessed": "^0.1.81",
        "blessed-contrib": "^4.11.0",
        "crypto": "^1.0.1",
        "date-fns": "^4.1.0",
        "dotenv": "^16.4.7",
        "ethers": "^6.13.5",
        "groq-sdk": "^0.15.0",
        "http-proxy-agent": "^5.0.0",
        "https-proxy-agent": "^5.0.1",
        "p-limit": "^2.3.0"
      }
    },
    "node_modules/@adraffy/ens-normalize": {
      "version": "1.10.1",
      "resolved": "https://registry.npmjs.org/@adraffy/ens-normalize/-/ens-normalize-1.10.1.tgz",
      "integrity": "sha512-96Z2IP3mYmF1Xg2cDm8f1gWGf/HUVedQ3FMifV4kG/PQ4yEP51xDtRAEfhVNt5f/uzpNkZHwWQuUcu6D6K+Ekw=="
    },
    "node_modules/@colors/colors": {
      "version": "1.5.0",
      "resolved": "https://registry.npmjs.org/@colors/colors/-/colors-1.5.0.tgz",
      "integrity": "sha512-ooWCrlZP11i8GImSjTHYHLkvFDP48nS4+204nGb1RiX/WXYHmJA2III9/e2DWVabCESdW7hBAEzHRqUn9OUVvQ==",
      "optional": true,
      "engines": {
        "node": ">=0.1.90"
      }
    },
    "node_modules/@noble/curves": {
      "version": "1.2.0",
      "resolved": "https://registry.npmjs.org/@noble/curves/-/curves-1.2.0.tgz",
      "integrity": "sha512-oYclrNgRaM9SsBUBVbb8M6DTV7ZHRTKugureoYEncY5c65HOmRzvSiTE3y5CYaPYJA/GVkrhXEoF0M3Ya9PMnw==",
      "dependencies": {
        "@noble/hashes": "1.3.2"
      },
      "funding": {
        "url": "https://paulmillr.com/funding/"
      }
    },
    "node_modules/@noble/hashes": {
      "version": "1.3.2",
      "resolved": "https://registry.npmjs.org/@noble/hashes/-/hashes-1.3.2.tgz",
      "integrity": "sha512-MVC8EAQp7MvEcm30KWENFjgR+Mkmf+D189XJTkFIlwohU5hcBbn1ZkKq7KVTi2Hme3PMGF390DaL52beVrIihQ==",
      "engines": {
        "node": ">= 16"
      },
      "funding": {
        "url": "https://paulmillr.com/funding/"
      }
    },
    "node_modules/@tootallnate/once": {
      "version": "2.0.0",
      "resolved": "https://registry.npmjs.org/@tootallnate/once/-/once-2.0.0.tgz",
      "integrity": "sha512-XCuKFP5PS55gnMVu3dty8KPatLqUoy/ZYzDzAGCQ8JNFCkLXzmI7vNHCR+XpbZaMWQK/vQubr7PkYq8g470J/A==",
      "engines": {
        "node": ">= 10"
      }
    },
    "node_modules/@types/node": {
      "version": "18.19.80",
      "resolved": "https://registry.npmjs.org/@types/node/-/node-18.19.80.tgz",
      "integrity": "sha512-kEWeMwMeIvxYkeg1gTc01awpwLbfMRZXdIhwRcakd/KlK53jmRC26LqcbIt7fnAQTu5GzlnWmzA3H6+l1u6xxQ==",
      "dependencies": {
        "undici-types": "~5.26.4"
      }
    },
    "node_modules/@types/node-fetch": {
      "version": "2.6.12",
      "resolved": "https://registry.npmjs.org/@types/node-fetch/-/node-fetch-2.6.12.tgz",
      "integrity": "sha512-8nneRWKCg3rMtF69nLQJnOYUcbafYeFSjqkw3jCRLsqkWFlHaoQrr5mXmofFGOx3DKn7UfmBMyov8ySvLRVldA==",
      "dependencies": {
        "@types/node": "*",
        "form-data": "^4.0.0"
      }
    },
    "node_modules/abbrev": {
      "version": "1.1.1",
      "resolved": "https://registry.npmjs.org/abbrev/-/abbrev-1.1.1.tgz",
      "integrity": "sha512-nne9/IiQ/hzIhY6pdDnbBtz7DjPTKrY00P/zvPSm5pOFkl6xuGrGnXn/VtTNNfNtAfZ9/1RtehkszU9qcTii0Q=="
    },
    "node_modules/abort-controller": {
      "version": "3.0.0",
      "resolved": "https://registry.npmjs.org/abort-controller/-/abort-controller-3.0.0.tgz",
      "integrity": "sha512-h8lQ8tacZYnR3vNQTgibj+tODHI5/+l06Au2Pcriv/Gmet0eaj4TwWH41sO9wnHDiQsEj19q0drzdWdeAHtweg==",
      "dependencies": {
        "event-target-shim": "^5.0.0"
      },
      "engines": {
        "node": ">=6.5"
      }
    },
    "node_modules/aes-js": {
      "version": "4.0.0-beta.5",
      "resolved": "https://registry.npmjs.org/aes-js/-/aes-js-4.0.0-beta.5.tgz",
      "integrity": "sha512-G965FqalsNyrPqgEGON7nIx1e/OVENSgiEIzyC63haUMuvNnwIgIjMs52hlTCKhkBny7A2ORNlfY9Zu+jmGk1Q=="
    },
    "node_modules/agent-base": {
      "version": "6.0.2",
      "resolved": "https://registry.npmjs.org/agent-base/-/agent-base-6.0.2.tgz",
      "integrity": "sha512-RZNwNclF7+MS/8bDg70amg32dyeZGZxiDuQmZxKLAlQjr3jGyLx+4Kkk58UO7D2QdgFIQCovuSuZESne6RG6XQ==",
      "dependencies": {
        "debug": "4"
      },
      "engines": {
        "node": ">= 6.0.0"
      }
    },
    "node_modules/agentkeepalive": {
      "version": "4.6.0",
      "resolved": "https://registry.npmjs.org/agentkeepalive/-/agentkeepalive-4.6.0.tgz",
      "integrity": "sha512-kja8j7PjmncONqaTsB8fQ+wE2mSU2DJ9D4XKoJ5PFWIdRMa6SLSN1ff4mOr4jCbfRSsxR4keIiySJU0N9T5hIQ==",
      "dependencies": {
        "humanize-ms": "^1.2.1"
      },
      "engines": {
        "node": ">= 8.0.0"
      }
    },
    "node_modules/ansi-escapes": {
      "version": "6.2.1",
      "resolved": "https://registry.npmjs.org/ansi-escapes/-/ansi-escapes-6.2.1.tgz",
      "integrity": "sha512-4nJ3yixlEthEJ9Rk4vPcdBRkZvQZlYyu8j4/Mqz5sgIkddmEnH2Yj2ZrnP9S3tQOvSNRUIgVNF/1yPpRAGNRig==",
      "engines": {
        "node": ">=14.16"
      },
      "funding": {
        "url": "https://github.com/sponsors/sindresorhus"
      }
    },
    "node_modules/ansi-regex": {
      "version": "2.1.1",
      "resolved": "https://registry.npmjs.org/ansi-regex/-/ansi-regex-2.1.1.tgz",
      "integrity": "sha512-TIGnTpdo+E3+pCyAluZvtED5p5wCqLdezCyhPZzKPcxvFplEt4i+W7OONCKgeZFT3+y5NZZfOOS/Bdcanm1MYA==",
      "engines": {
        "node": ">=0.10.0"
      }
    },
    "node_modules/ansi-styles": {
      "version": "2.2.1",
      "resolved": "https://registry.npmjs.org/ansi-styles/-/ansi-styles-2.2.1.tgz",
      "integrity": "sha512-kmCevFghRiWM7HB5zTPULl4r9bVFSWjz62MhqizDGUrq2NWuNMQyuv4tHHoKJHs69M/MF64lEcHdYIocrdWQYA==",
      "engines": {
        "node": ">=0.10.0"
      }
    },
    "node_modules/ansi-term": {
      "version": "0.0.2",
      "resolved": "https://registry.npmjs.org/ansi-term/-/ansi-term-0.0.2.tgz",
      "integrity": "sha512-jLnGE+n8uAjksTJxiWZf/kcUmXq+cRWSl550B9NmQ8YiqaTM+lILcSe5dHdp8QkJPhaOghDjnMKwyYSMjosgAA==",
      "dependencies": {
        "x256": ">=0.0.1"
      }
    },
    "node_modules/ansicolors": {
      "version": "0.3.2",
      "resolved": "https://registry.npmjs.org/ansicolors/-/ansicolors-0.3.2.tgz",
      "integrity": "sha512-QXu7BPrP29VllRxH8GwB7x5iX5qWKAAMLqKQGWTeLWVlNHNOpVMJ91dsxQAIWXpjuW5wqvxu3Jd/nRjrJ+0pqg=="
    },
    "node_modules/asynckit": {
      "version": "0.4.0",
      "resolved": "https://registry.npmjs.org/asynckit/-/asynckit-0.4.0.tgz",
      "integrity": "sha512-Oei9OH4tRh0YqU3GxhX79dM/mwVgvbZJaSNaRk+bshkj0S5cfHcgYakreBjrHwatXKbz+IoIdYLxrKim2MjW0Q=="
    },
    "node_modules/axios": {
      "version": "1.8.3",
      "resolved": "https://registry.npmjs.org/axios/-/axios-1.8.3.tgz",
      "integrity": "sha512-iP4DebzoNlP/YN2dpwCgb8zoCmhtkajzS48JvwmkSkXvPI3DHc7m+XYL5tGnSlJtR6nImXZmdCuN5aP8dh1d8A==",
      "dependencies": {
        "follow-redirects": "^1.15.6",
        "form-data": "^4.0.0",
        "proxy-from-env": "^1.1.0"
      }
    },
    "node_modules/blessed": {
      "version": "0.1.81",
      "resolved": "https://registry.npmjs.org/blessed/-/blessed-0.1.81.tgz",
      "integrity": "sha512-LoF5gae+hlmfORcG1M5+5XZi4LBmvlXTzwJWzUlPryN/SJdSflZvROM2TwkT0GMpq7oqT48NRd4GS7BiVBc5OQ==",
      "bin": {
        "blessed": "bin/tput.js"
      },
      "engines": {
        "node": ">= 0.8.0"
      }
    },
    "node_modules/blessed-contrib": {
      "version": "4.11.0",
      "resolved": "https://registry.npmjs.org/blessed-contrib/-/blessed-contrib-4.11.0.tgz",
      "integrity": "sha512-P00Xji3xPp53+FdU9f74WpvnOAn/SS0CKLy4vLAf5Ps7FGDOTY711ruJPZb3/7dpFuP+4i7f4a/ZTZdLlKG9WA==",
      "dependencies": {
        "ansi-term": ">=0.0.2",
        "chalk": "^1.1.0",
        "drawille-canvas-blessed-contrib": ">=0.1.3",
        "lodash": "~>=4.17.21",
        "map-canvas": ">=0.1.5",
        "marked": "^4.0.12",
        "marked-terminal": "^5.1.1",
        "memory-streams": "^0.1.0",
        "memorystream": "^0.3.1",
        "picture-tuber": "^1.0.1",
        "sparkline": "^0.1.1",
        "strip-ansi": "^3.0.0",
        "term-canvas": "0.0.5",
        "x256": ">=0.0.1"
      }
    },
    "node_modules/bresenham": {
      "version": "0.0.3",
      "resolved": "https://registry.npmjs.org/bresenham/-/bresenham-0.0.3.tgz",
      "integrity": "sha512-wbMxoJJM1p3+6G7xEFXYNCJ30h2qkwmVxebkbwIl4OcnWtno5R3UT9VuYLfStlVNAQCmRjkGwjPFdfaPd4iNXw=="
    },
    "node_modules/buffers": {
      "version": "0.1.1",
      "resolved": "https://registry.npmjs.org/buffers/-/buffers-0.1.1.tgz",
      "integrity": "sha512-9q/rDEGSb/Qsvv2qvzIzdluL5k7AaJOTrw23z9reQthrbF7is4CtlT0DXyO1oei2DCp4uojjzQ7igaSHp1kAEQ==",
      "engines": {
        "node": ">=0.2.0"
      }
    },
    "node_modules/call-bind-apply-helpers": {
      "version": "1.0.2",
      "resolved": "https://registry.npmjs.org/call-bind-apply-helpers/-/call-bind-apply-helpers-1.0.2.tgz",
      "integrity": "sha512-Sp1ablJ0ivDkSzjcaJdxEunN5/XvksFJ2sMBFfq6x0ryhQV/2b/KwFe21cMpmHtPOSij8K99/wSfoEuTObmuMQ==",
      "dependencies": {
        "es-errors": "^1.3.0",
        "function-bind": "^1.1.2"
      },
      "engines": {
        "node": ">= 0.4"
      }
    },
    "node_modules/cardinal": {
      "version": "2.1.1",
      "resolved": "https://registry.npmjs.org/cardinal/-/cardinal-2.1.1.tgz",
      "integrity": "sha512-JSr5eOgoEymtYHBjNWyjrMqet9Am2miJhlfKNdqLp6zoeAh0KN5dRAcxlecj5mAJrmQomgiOBj35xHLrFjqBpw==",
      "dependencies": {
        "ansicolors": "~0.3.2",
        "redeyed": "~2.1.0"
      },
      "bin": {
        "cdl": "bin/cdl.js"
      }
    },
    "node_modules/chalk": {
      "version": "1.1.3",
      "resolved": "https://registry.npmjs.org/chalk/-/chalk-1.1.3.tgz",
      "integrity": "sha512-U3lRVLMSlsCfjqYPbLyVv11M9CPW4I728d6TCKMAOJueEeB9/8o+eSsMnxPJD+Q+K909sdESg7C+tIkoH6on1A==",
      "dependencies": {
        "ansi-styles": "^2.2.1",
        "escape-string-regexp": "^1.0.2",
        "has-ansi": "^2.0.0",
        "strip-ansi": "^3.0.0",
        "supports-color": "^2.0.0"
      },
      "engines": {
        "node": ">=0.10.0"
      }
    },
    "node_modules/charm": {
      "version": "0.1.2",
      "resolved": "https://registry.npmjs.org/charm/-/charm-0.1.2.tgz",
      "integrity": "sha512-syedaZ9cPe7r3hoQA9twWYKu5AIyCswN5+szkmPBe9ccdLrj4bYaCnLVPTLd2kgVRc7+zoX4tyPgRnFKCj5YjQ=="
    },
    "node_modules/cli-table3": {
      "version": "0.6.5",
      "resolved": "https://registry.npmjs.org/cli-table3/-/cli-table3-0.6.5.tgz",
      "integrity": "sha512-+W/5efTR7y5HRD7gACw9yQjqMVvEMLBHmboM/kPWam+H+Hmyrgjh6YncVKK122YZkXrLudzTuAukUw9FnMf7IQ==",
      "dependencies": {
        "string-width": "^4.2.0"
      },
      "engines": {
        "node": "10.* || >= 12.*"
      },
      "optionalDependencies": {
        "@colors/colors": "1.5.0"
      }
    },
    "node_modules/combined-stream": {
      "version": "1.0.8",
      "resolved": "https://registry.npmjs.org/combined-stream/-/combined-stream-1.0.8.tgz",
      "integrity": "sha512-FQN4MRfuJeHf7cBbBMJFXhKSDq+2kAArBlmRBvcvFE5BB1HZKXtSFASDhdlz9zOYwxh8lDdnvmMOe/+5cdoEdg==",
      "dependencies": {
        "delayed-stream": "~1.0.0"
      },
      "engines": {
        "node": ">= 0.8"
      }
    },
    "node_modules/core-util-is": {
      "version": "1.0.3",
      "resolved": "https://registry.npmjs.org/core-util-is/-/core-util-is-1.0.3.tgz",
      "integrity": "sha512-ZQBvi1DcpJ4GDqanjucZ2Hj3wEO5pZDS89BWbkcrvdxksJorwUDDZamX9ldFkp9aw2lmBDLgkObEA4DWNJ9FYQ=="
    },
    "node_modules/crypto": {
      "version": "1.0.1",
      "resolved": "https://registry.npmjs.org/crypto/-/crypto-1.0.1.tgz",
      "integrity": "sha512-VxBKmeNcqQdiUQUW2Tzq0t377b54N2bMtXO/qiLa+6eRRmmC4qT3D4OnTGoT/U6O9aklQ/jTwbOtRMTTY8G0Ig==",
      "deprecated": "This package is no longer supported. It's now a built-in Node module. If you've depended on crypto, you should switch to the one that's built-in."
    },
    "node_modules/date-fns": {
      "version": "4.1.0",
      "resolved": "https://registry.npmjs.org/date-fns/-/date-fns-4.1.0.tgz",
      "integrity": "sha512-Ukq0owbQXxa/U3EGtsdVBkR1w7KOQ5gIBqdH2hkvknzZPYvBxb/aa6E8L7tmjFtkwZBu3UXBbjIgPo/Ez4xaNg==",
      "funding": {
        "type": "github",
        "url": "https://github.com/sponsors/kossnocorp"
      }
    },
    "node_modules/debug": {
      "version": "4.4.0",
      "resolved": "https://registry.npmjs.org/debug/-/debug-4.4.0.tgz",
      "integrity": "sha512-6WTZ/IxCY/T6BALoZHaE4ctp9xm+Z5kY/pzYaCHRFeyVhojxlrm+46y68HA6hr0TcwEssoxNiDEUJQjfPZ/RYA==",
      "dependencies": {
        "ms": "^2.1.3"
      },
      "engines": {
        "node": ">=6.0"
      },
      "peerDependenciesMeta": {
        "supports-color": {
          "optional": true
        }
      }
    },
    "node_modules/delayed-stream": {
      "version": "1.0.0",
      "resolved": "https://registry.npmjs.org/delayed-stream/-/delayed-stream-1.0.0.tgz",
      "integrity": "sha512-ZySD7Nf91aLB0RxL4KGrKHBXl7Eds1DAmEdcoVawXnLD7SDhpNgtuII2aAkg7a7QS41jxPSZ17p4VdGnMHk3MQ==",
      "engines": {
        "node": ">=0.4.0"
      }
    },
    "node_modules/dotenv": {
      "version": "16.4.7",
      "resolved": "https://registry.npmjs.org/dotenv/-/dotenv-16.4.7.tgz",
      "integrity": "sha512-47qPchRCykZC03FhkYAhrvwU4xDBFIj1QPqaarj6mdM/hgUzfPHcpkHJOn3mJAufFeeAxAzeGsr5X0M4k6fLZQ==",
      "engines": {
        "node": ">=12"
      },
      "funding": {
        "url": "https://dotenvx.com"
      }
    },
    "node_modules/drawille-blessed-contrib": {
      "version": "1.0.0",
      "resolved": "https://registry.npmjs.org/drawille-blessed-contrib/-/drawille-blessed-contrib-1.0.0.tgz",
      "integrity": "sha512-WnHMgf5en/hVOsFhxLI8ZX0qTJmerOsVjIMQmn4cR1eI8nLGu+L7w5ENbul+lZ6w827A3JakCuernES5xbHLzQ=="
    },
    "node_modules/drawille-canvas-blessed-contrib": {
      "version": "0.1.3",
      "resolved": "https://registry.npmjs.org/drawille-canvas-blessed-contrib/-/drawille-canvas-blessed-contrib-0.1.3.tgz",
      "integrity": "sha512-bdDvVJOxlrEoPLifGDPaxIzFh3cD7QH05ePoQ4fwnqfi08ZSxzEhOUpI5Z0/SQMlWgcCQOEtuw0zrwezacXglw==",
      "dependencies": {
        "ansi-term": ">=0.0.2",
        "bresenham": "0.0.3",
        "drawille-blessed-contrib": ">=0.0.1",
        "gl-matrix": "^2.1.0",
        "x256": ">=0.0.1"
      }
    },
    "node_modules/dunder-proto": {
      "version": "1.0.1",
      "resolved": "https://registry.npmjs.org/dunder-proto/-/dunder-proto-1.0.1.tgz",
      "integrity": "sha512-KIN/nDJBQRcXw0MLVhZE9iQHmG68qAVIBg9CqmUYjmQIhgij9U5MFvrqkUL5FbtyyzZuOeOt0zdeRe4UY7ct+A==",
      "dependencies": {
        "call-bind-apply-helpers": "^1.0.1",
        "es-errors": "^1.3.0",
        "gopd": "^1.2.0"
      },
      "engines": {
        "node": ">= 0.4"
      }
    },
    "node_modules/emoji-regex": {
      "version": "8.0.0",
      "resolved": "https://registry.npmjs.org/emoji-regex/-/emoji-regex-8.0.0.tgz",
      "integrity": "sha512-MSjYzcWNOA0ewAHpz0MxpYFvwg6yjy1NG3xteoqz644VCo/RPgnr1/GGt+ic3iJTzQ8Eu3TdM14SawnVUmGE6A=="
    },
    "node_modules/es-define-property": {
      "version": "1.0.1",
      "resolved": "https://registry.npmjs.org/es-define-property/-/es-define-property-1.0.1.tgz",
      "integrity": "sha512-e3nRfgfUZ4rNGL232gUgX06QNyyez04KdjFrF+LTRoOXmrOgFKDg4BCdsjW8EnT69eqdYGmRpJwiPVYNrCaW3g==",
      "engines": {
        "node": ">= 0.4"
      }
    },
    "node_modules/es-errors": {
      "version": "1.3.0",
      "resolved": "https://registry.npmjs.org/es-errors/-/es-errors-1.3.0.tgz",
      "integrity": "sha512-Zf5H2Kxt2xjTvbJvP2ZWLEICxA6j+hAmMzIlypy4xcBg1vKVnx89Wy0GbS+kf5cwCVFFzdCFh2XSCFNULS6csw==",
      "engines": {
        "node": ">= 0.4"
      }
    },
    "node_modules/es-object-atoms": {
      "version": "1.1.1",
      "resolved": "https://registry.npmjs.org/es-object-atoms/-/es-object-atoms-1.1.1.tgz",
      "integrity": "sha512-FGgH2h8zKNim9ljj7dankFPcICIK9Cp5bm+c2gQSYePhpaG5+esrLODihIorn+Pe6FGJzWhXQotPv73jTaldXA==",
      "dependencies": {
        "es-errors": "^1.3.0"
      },
      "engines": {
        "node": ">= 0.4"
      }
    },
    "node_modules/es-set-tostringtag": {
      "version": "2.1.0",
      "resolved": "https://registry.npmjs.org/es-set-tostringtag/-/es-set-tostringtag-2.1.0.tgz",
      "integrity": "sha512-j6vWzfrGVfyXxge+O0x5sh6cvxAog0a/4Rdd2K36zCMV5eJ+/+tOAngRO8cODMNWbVRdVlmGZQL2YS3yR8bIUA==",
      "dependencies": {
        "es-errors": "^1.3.0",
        "get-intrinsic": "^1.2.6",
        "has-tostringtag": "^1.0.2",
        "hasown": "^2.0.2"
      },
      "engines": {
        "node": ">= 0.4"
      }
    },
    "node_modules/escape-string-regexp": {
      "version": "1.0.5",
      "resolved": "https://registry.npmjs.org/escape-string-regexp/-/escape-string-regexp-1.0.5.tgz",
      "integrity": "sha512-vbRorB5FUQWvla16U8R/qgaFIya2qGzwDrNmCZuYKrbdSUMG6I1ZCGQRefkRVhuOkIGVne7BQ35DSfo1qvJqFg==",
      "engines": {
        "node": ">=0.8.0"
      }
    },
    "node_modules/esprima": {
      "version": "4.0.1",
      "resolved": "https://registry.npmjs.org/esprima/-/esprima-4.0.1.tgz",
      "integrity": "sha512-eGuFFw7Upda+g4p+QHvnW0RyTX/SVeJBDM/gCtMARO0cLuT2HcEKnTPvhjV6aGeqrCB/sbNop0Kszm0jsaWU4A==",
      "bin": {
        "esparse": "bin/esparse.js",
        "esvalidate": "bin/esvalidate.js"
      },
      "engines": {
        "node": ">=4"
      }
    },
    "node_modules/ethers": {
      "version": "6.13.5",
      "resolved": "https://registry.npmjs.org/ethers/-/ethers-6.13.5.tgz",
      "integrity": "sha512-+knKNieu5EKRThQJWwqaJ10a6HE9sSehGeqWN65//wE7j47ZpFhKAnHB/JJFibwwg61I/koxaPsXbXpD/skNOQ==",
      "funding": [
        {
          "type": "individual",
          "url": "https://github.com/sponsors/ethers-io/"
        },
        {
          "type": "individual",
          "url": "https://www.buymeacoffee.com/ricmoo"
        }
      ],
      "dependencies": {
        "@adraffy/ens-normalize": "1.10.1",
        "@noble/curves": "1.2.0",
        "@noble/hashes": "1.3.2",
        "@types/node": "22.7.5",
        "aes-js": "4.0.0-beta.5",
        "tslib": "2.7.0",
        "ws": "8.17.1"
      },
      "engines": {
        "node": ">=14.0.0"
      }
    },
    "node_modules/ethers/node_modules/@types/node": {
      "version": "22.7.5",
      "resolved": "https://registry.npmjs.org/@types/node/-/node-22.7.5.tgz",
      "integrity": "sha512-jML7s2NAzMWc//QSJ1a3prpk78cOPchGvXJsC3C6R6PSMoooztvRVQEz89gmBTBY1SPMaqo5teB4uNHPdetShQ==",
      "dependencies": {
        "undici-types": "~6.19.2"
      }
    },
    "node_modules/ethers/node_modules/undici-types": {
      "version": "6.19.8",
      "resolved": "https://registry.npmjs.org/undici-types/-/undici-types-6.19.8.tgz",
      "integrity": "sha512-ve2KP6f/JnbPBFyobGHuerC9g1FYGn/F8n1LWTwNxCEzd6IfqTwUQcNXgEtmmQ6DlRrC1hrSrBnCZPokRrDHjw=="
    },
    "node_modules/event-stream": {
      "version": "0.9.8",
      "resolved": "https://registry.npmjs.org/event-stream/-/event-stream-0.9.8.tgz",
      "integrity": "sha512-o5h0Mp1bkoR6B0i7pTCAzRy+VzdsRWH997KQD4Psb0EOPoKEIiaRx/EsOdUl7p1Ktjw7aIWvweI/OY1R9XrlUg==",
      "dependencies": {
        "optimist": "0.2"
      },
      "engines": {
        "node": "*"
      }
    },
    "node_modules/event-stream/node_modules/optimist": {
      "version": "0.2.8",
      "resolved": "https://registry.npmjs.org/optimist/-/optimist-0.2.8.tgz",
      "integrity": "sha512-Wy7E3cQDpqsTIFyW7m22hSevyTLxw850ahYv7FWsw4G6MIKVTZ8NSA95KBrQ95a4SMsMr1UGUUnwEFKhVaSzIg==",
      "dependencies": {
        "wordwrap": ">=0.0.1 <0.1.0"
      },
      "engines": {
        "node": "*"
      }
    },
    "node_modules/event-target-shim": {
      "version": "5.0.1",
      "resolved": "https://registry.npmjs.org/event-target-shim/-/event-target-shim-5.0.1.tgz",
      "integrity": "sha512-i/2XbnSz/uxRCU6+NdVJgKWDTM427+MqYbkQzD321DuCQJUqOuJKIA0IM2+W2xtYHdKOmZ4dR6fExsd4SXL+WQ==",
      "engines": {
        "node": ">=6"
      }
    },
    "node_modules/follow-redirects": {
      "version": "1.15.9",
      "resolved": "https://registry.npmjs.org/follow-redirects/-/follow-redirects-1.15.9.tgz",
      "integrity": "sha512-gew4GsXizNgdoRyqmyfMHyAmXsZDk6mHkSxZFCzW9gwlbtOW44CDtYavM+y+72qD/Vq2l550kMF52DT8fOLJqQ==",
      "funding": [
        {
          "type": "individual",
          "url": "https://github.com/sponsors/RubenVerborgh"
        }
      ],
      "engines": {
        "node": ">=4.0"
      },
      "peerDependenciesMeta": {
        "debug": {
          "optional": true
        }
      }
    },
    "node_modules/form-data": {
      "version": "4.0.2",
      "resolved": "https://registry.npmjs.org/form-data/-/form-data-4.0.2.tgz",
      "integrity": "sha512-hGfm/slu0ZabnNt4oaRZ6uREyfCj6P4fT/n6A1rGV+Z0VdGXjfOhVUpkn6qVQONHGIFwmveGXyDs75+nr6FM8w==",
      "dependencies": {
        "asynckit": "^0.4.0",
        "combined-stream": "^1.0.8",
        "es-set-tostringtag": "^2.1.0",
        "mime-types": "^2.1.12"
      },
      "engines": {
        "node": ">= 6"
      }
    },
    "node_modules/form-data-encoder": {
      "version": "1.7.2",
      "resolved": "https://registry.npmjs.org/form-data-encoder/-/form-data-encoder-1.7.2.tgz",
      "integrity": "sha512-qfqtYan3rxrnCk1VYaA4H+Ms9xdpPqvLZa6xmMgFvhO32x7/3J/ExcTd6qpxM0vH2GdMI+poehyBZvqfMTto8A=="
    },
    "node_modules/formdata-node": {
      "version": "4.4.1",
      "resolved": "https://registry.npmjs.org/formdata-node/-/formdata-node-4.4.1.tgz",
      "integrity": "sha512-0iirZp3uVDjVGt9p49aTaqjk84TrglENEDuqfdlZQ1roC9CWlPk6Avf8EEnZNcAqPonwkG35x4n3ww/1THYAeQ==",
      "dependencies": {
        "node-domexception": "1.0.0",
        "web-streams-polyfill": "4.0.0-beta.3"
      },
      "engines": {
        "node": ">= 12.20"
      }
    },
    "node_modules/function-bind": {
      "version": "1.1.2",
      "resolved": "https://registry.npmjs.org/function-bind/-/function-bind-1.1.2.tgz",
      "integrity": "sha512-7XHNxH7qX9xG5mIwxkhumTox/MIRNcOgDrxWsMt2pAr23WHp6MrRlN7FBSFpCpr+oVO0F744iUgR82nJMfG2SA==",
      "funding": {
        "url": "https://github.com/sponsors/ljharb"
      }
    },
    "node_modules/get-intrinsic": {
      "version": "1.3.0",
      "resolved": "https://registry.npmjs.org/get-intrinsic/-/get-intrinsic-1.3.0.tgz",
      "integrity": "sha512-9fSjSaos/fRIVIp+xSJlE6lfwhES7LNtKaCBIamHsjr2na1BiABJPo0mOjjz8GJDURarmCPGqaiVg5mfjb98CQ==",
      "dependencies": {
        "call-bind-apply-helpers": "^1.0.2",
        "es-define-property": "^1.0.1",
        "es-errors": "^1.3.0",
        "es-object-atoms": "^1.1.1",
        "function-bind": "^1.1.2",
        "get-proto": "^1.0.1",
        "gopd": "^1.2.0",
        "has-symbols": "^1.1.0",
        "hasown": "^2.0.2",
        "math-intrinsics": "^1.1.0"
      },
      "engines": {
        "node": ">= 0.4"
      },
      "funding": {
        "url": "https://github.com/sponsors/ljharb"
      }
    },
    "node_modules/get-proto": {
      "version": "1.0.1",
      "resolved": "https://registry.npmjs.org/get-proto/-/get-proto-1.0.1.tgz",
      "integrity": "sha512-sTSfBjoXBp89JvIKIefqw7U2CCebsc74kiY6awiGogKtoSGbgjYE/G/+l9sF3MWFPNc9IcoOC4ODfKHfxFmp0g==",
      "dependencies": {
        "dunder-proto": "^1.0.1",
        "es-object-atoms": "^1.0.0"
      },
      "engines": {
        "node": ">= 0.4"
      }
    },
    "node_modules/gl-matrix": {
      "version": "2.8.1",
      "resolved": "https://registry.npmjs.org/gl-matrix/-/gl-matrix-2.8.1.tgz",
      "integrity": "sha512-0YCjVpE3pS5XWlN3J4X7AiAx65+nqAI54LndtVFnQZB6G/FVLkZH8y8V6R3cIoOQR4pUdfwQGd1iwyoXHJ4Qfw=="
    },
    "node_modules/gopd": {
      "version": "1.2.0",
      "resolved": "https://registry.npmjs.org/gopd/-/gopd-1.2.0.tgz",
      "integrity": "sha512-ZUKRh6/kUFoAiTAtTYPZJ3hw9wNxx+BIBOijnlG9PnrJsCcSjs1wyyD6vJpaYtgnzDrKYRSqf3OO6Rfa93xsRg==",
      "engines": {
        "node": ">= 0.4"
      },
      "funding": {
        "url": "https://github.com/sponsors/ljharb"
      }
    },
    "node_modules/groq-sdk": {
      "version": "0.15.0",
      "resolved": "https://registry.npmjs.org/groq-sdk/-/groq-sdk-0.15.0.tgz",
      "integrity": "sha512-aYDEdr4qczx3cLCRRe+Beb37I7g/9bD5kHF+EEDxcrREWw1vKoRcfP3vHEkJB7Ud/8oOuF0scRwDpwWostTWuQ==",
      "dependencies": {
        "@types/node": "^18.11.18",
        "@types/node-fetch": "^2.6.4",
        "abort-controller": "^3.0.0",
        "agentkeepalive": "^4.2.1",
        "form-data-encoder": "1.7.2",
        "formdata-node": "^4.3.2",
        "node-fetch": "^2.6.7"
      }
    },
    "node_modules/has-ansi": {
      "version": "2.0.0",
      "resolved": "https://registry.npmjs.org/has-ansi/-/has-ansi-2.0.0.tgz",
      "integrity": "sha512-C8vBJ8DwUCx19vhm7urhTuUsr4/IyP6l4VzNQDv+ryHQObW3TTTp9yB68WpYgRe2bbaGuZ/se74IqFeVnMnLZg==",
      "dependencies": {
        "ansi-regex": "^2.0.0"
      },
      "engines": {
        "node": ">=0.10.0"
      }
    },
    "node_modules/has-flag": {
      "version": "4.0.0",
      "resolved": "https://registry.npmjs.org/has-flag/-/has-flag-4.0.0.tgz",
      "integrity": "sha512-EykJT/Q1KjTWctppgIAgfSO0tKVuZUjhgMr17kqTumMl6Afv3EISleU7qZUzoXDFTAHTDC4NOoG/ZxU3EvlMPQ==",
      "engines": {
        "node": ">=8"
      }
    },
    "node_modules/has-symbols": {
      "version": "1.1.0",
      "resolved": "https://registry.npmjs.org/has-symbols/-/has-symbols-1.1.0.tgz",
      "integrity": "sha512-1cDNdwJ2Jaohmb3sg4OmKaMBwuC48sYni5HUw2DvsC8LjGTLK9h+eb1X6RyuOHe4hT0ULCW68iomhjUoKUqlPQ==",
      "engines": {
        "node": ">= 0.4"
      },
      "funding": {
        "url": "https://github.com/sponsors/ljharb"
      }
    },
    "node_modules/has-tostringtag": {
      "version": "1.0.2",
      "resolved": "https://registry.npmjs.org/has-tostringtag/-/has-tostringtag-1.0.2.tgz",
      "integrity": "sha512-NqADB8VjPFLM2V0VvHUewwwsw0ZWBaIdgo+ieHtK3hasLz4qeCRjYcqfB6AQrBggRKppKF8L52/VqdVsO47Dlw==",
      "dependencies": {
        "has-symbols": "^1.0.3"
      },
      "engines": {
        "node": ">= 0.4"
      },
      "funding": {
        "url": "https://github.com/sponsors/ljharb"
      }
    },
    "node_modules/hasown": {
      "version": "2.0.2",
      "resolved": "https://registry.npmjs.org/hasown/-/hasown-2.0.2.tgz",
      "integrity": "sha512-0hJU9SCPvmMzIBdZFqNPXWa6dqh7WdH0cII9y+CyS8rG3nL48Bclra9HmKhVVUHyPWNH5Y7xDwAB7bfgSjkUMQ==",
      "dependencies": {
        "function-bind": "^1.1.2"
      },
      "engines": {
        "node": ">= 0.4"
      }
    },
    "node_modules/here": {
      "version": "0.0.2",
      "resolved": "https://registry.npmjs.org/here/-/here-0.0.2.tgz",
      "integrity": "sha512-U7VYImCTcPoY27TSmzoiFsmWLEqQFaYNdpsPb9K0dXJhE6kufUqycaz51oR09CW85dDU9iWyy7At8M+p7hb3NQ=="
    },
    "node_modules/http-proxy-agent": {
      "version": "5.0.0",
      "resolved": "https://registry.npmjs.org/http-proxy-agent/-/http-proxy-agent-5.0.0.tgz",
      "integrity": "sha512-n2hY8YdoRE1i7r6M0w9DIw5GgZN0G25P8zLCRQ8rjXtTU3vsNFBI/vWK/UIeE6g5MUUz6avwAPXmL6Fy9D/90w==",
      "dependencies": {
        "@tootallnate/once": "2",
        "agent-base": "6",
        "debug": "4"
      },
      "engines": {
        "node": ">= 6"
      }
    },
    "node_modules/https-proxy-agent": {
      "version": "5.0.1",
      "resolved": "https://registry.npmjs.org/https-proxy-agent/-/https-proxy-agent-5.0.1.tgz",
      "integrity": "sha512-dFcAjpTQFgoLMzC2VwU+C/CbS7uRL0lWmxDITmqm7C+7F0Odmj6s9l6alZc6AELXhrnggM2CeWSXHGOdX2YtwA==",
      "dependencies": {
        "agent-base": "6",
        "debug": "4"
      },
      "engines": {
        "node": ">= 6"
      }
    },
    "node_modules/humanize-ms": {
      "version": "1.2.1",
      "resolved": "https://registry.npmjs.org/humanize-ms/-/humanize-ms-1.2.1.tgz",
      "integrity": "sha512-Fl70vYtsAFb/C06PTS9dZBo7ihau+Tu/DNCk/OyHhea07S+aeMWpFFkUaXRa8fI+ScZbEI8dfSxwY7gxZ9SAVQ==",
      "dependencies": {
        "ms": "^2.0.0"
      }
    },
    "node_modules/inherits": {
      "version": "2.0.4",
      "resolved": "https://registry.npmjs.org/inherits/-/inherits-2.0.4.tgz",
      "integrity": "sha512-k/vGaX4/Yla3WzyMCvTQOXYeIHvqOKtnqBduzTHpzpQZzAskKMhZ2K+EnBiSM9zGSoIFeMpXKxa4dYeZIQqewQ=="
    },
    "node_modules/is-fullwidth-code-point": {
      "version": "3.0.0",
      "resolved": "https://registry.npmjs.org/is-fullwidth-code-point/-/is-fullwidth-code-point-3.0.0.tgz",
      "integrity": "sha512-zymm5+u+sCsSWyD9qNaejV3DFvhCKclKdizYaJUuHA83RLjb7nSuGnddCHGv0hk+KY7BMAlsWeK4Ueg6EV6XQg==",
      "engines": {
        "node": ">=8"
      }
    },
    "node_modules/isarray": {
      "version": "0.0.1",
      "resolved": "https://registry.npmjs.org/isarray/-/isarray-0.0.1.tgz",
      "integrity": "sha512-D2S+3GLxWH+uhrNEcoh/fnmYeP8E8/zHl644d/jdA0g2uyXvy3sb0qxotE+ne0LtccHknQzWwZEzhak7oJ0COQ=="
    },
    "node_modules/lodash": {
      "version": "4.17.21",
      "resolved": "https://registry.npmjs.org/lodash/-/lodash-4.17.21.tgz",
      "integrity": "sha512-v2kDEe57lecTulaDIuNTPy3Ry4gLGJ6Z1O3vE1krgXZNrsQ+LFTGHVxVjcXPs17LhbZVGedAJv8XZ1tvj5FvSg=="
    },
    "node_modules/map-canvas": {
      "version": "0.1.5",
      "resolved": "https://registry.npmjs.org/map-canvas/-/map-canvas-0.1.5.tgz",
      "integrity": "sha512-f7M3sOuL9+up0NCOZbb1rQpWDLZwR/ftCiNbyscjl9LUUEwrRaoumH4sz6swgs58lF21DQ0hsYOCw5C6Zz7hbg==",
      "dependencies": {
        "drawille-canvas-blessed-contrib": ">=0.0.1",
        "xml2js": "^0.4.5"
      }
    },
    "node_modules/marked": {
      "version": "4.3.0",
      "resolved": "https://registry.npmjs.org/marked/-/marked-4.3.0.tgz",
      "integrity": "sha512-PRsaiG84bK+AMvxziE/lCFss8juXjNaWzVbN5tXAm4XjeaS9NAHhop+PjQxz2A9h8Q4M/xGmzP8vqNwy6JeK0A==",
      "bin": {
        "marked": "bin/marked.js"
      },
      "engines": {
        "node": ">= 12"
      }
    },
    "node_modules/marked-terminal": {
      "version": "5.2.0",
      "resolved": "https://registry.npmjs.org/marked-terminal/-/marked-terminal-5.2.0.tgz",
      "integrity": "sha512-Piv6yNwAQXGFjZSaiNljyNFw7jKDdGrw70FSbtxEyldLsyeuV5ZHm/1wW++kWbrOF1VPnUgYOhB2oLL0ZpnekA==",
      "dependencies": {
        "ansi-escapes": "^6.2.0",
        "cardinal": "^2.1.1",
        "chalk": "^5.2.0",
        "cli-table3": "^0.6.3",
        "node-emoji": "^1.11.0",
        "supports-hyperlinks": "^2.3.0"
      },
      "engines": {
        "node": ">=14.13.1 || >=16.0.0"
      },
      "peerDependencies": {
        "marked": "^1.0.0 || ^2.0.0 || ^3.0.0 || ^4.0.0 || ^5.0.0"
      }
    },
    "node_modules/marked-terminal/node_modules/chalk": {
      "version": "5.4.1",
      "resolved": "https://registry.npmjs.org/chalk/-/chalk-5.4.1.tgz",
      "integrity": "sha512-zgVZuo2WcZgfUEmsn6eO3kINexW8RAE4maiQ8QNs8CtpPCSyMiYsULR3HQYkm3w8FIA3SberyMJMSldGsW+U3w==",
      "engines": {
        "node": "^12.17.0 || ^14.13 || >=16.0.0"
      },
      "funding": {
        "url": "https://github.com/chalk/chalk?sponsor=1"
      }
    },
    "node_modules/math-intrinsics": {
      "version": "1.1.0",
      "resolved": "https://registry.npmjs.org/math-intrinsics/-/math-intrinsics-1.1.0.tgz",
      "integrity": "sha512-/IXtbwEk5HTPyEwyKX6hGkYXxM9nbj64B+ilVJnC/R6B0pH5G4V3b0pVbL7DBj4tkhBAppbQUlf6F6Xl9LHu1g==",
      "engines": {
        "node": ">= 0.4"
      }
    },
    "node_modules/memory-streams": {
      "version": "0.1.3",
      "resolved": "https://registry.npmjs.org/memory-streams/-/memory-streams-0.1.3.tgz",
      "integrity": "sha512-qVQ/CjkMyMInPaaRMrwWNDvf6boRZXaT/DbQeMYcCWuXPEBf1v8qChOc9OlEVQp2uOvRXa1Qu30fLmKhY6NipA==",
      "dependencies": {
        "readable-stream": "~1.0.2"
      }
    },
    "node_modules/memorystream": {
      "version": "0.3.1",
      "resolved": "https://registry.npmjs.org/memorystream/-/memorystream-0.3.1.tgz",
      "integrity": "sha512-S3UwM3yj5mtUSEfP41UZmt/0SCoVYUcU1rkXv+BQ5Ig8ndL4sPoJNBUJERafdPb5jjHJGuMgytgKvKIf58XNBw==",
      "engines": {
        "node": ">= 0.10.0"
      }
    },
    "node_modules/mime-db": {
      "version": "1.52.0",
      "resolved": "https://registry.npmjs.org/mime-db/-/mime-db-1.52.0.tgz",
      "integrity": "sha512-sPU4uV7dYlvtWJxwwxHD0PuihVNiE7TyAbQ5SWxDCB9mUYvOgroQOwYQQOKPJ8CIbE+1ETVlOoK1UC2nU3gYvg==",
      "engines": {
        "node": ">= 0.6"
      }
    },
    "node_modules/mime-types": {
      "version": "2.1.35",
      "resolved": "https://registry.npmjs.org/mime-types/-/mime-types-2.1.35.tgz",
      "integrity": "sha512-ZDY+bPm5zTTF+YpCrAU9nK0UgICYPT0QtT1NZWFv4s++TNkcgVaT0g6+4R2uI4MjQjzysHB1zxuWL50hzaeXiw==",
      "dependencies": {
        "mime-db": "1.52.0"
      },
      "engines": {
        "node": ">= 0.6"
      }
    },
    "node_modules/ms": {
      "version": "2.1.3",
      "resolved": "https://registry.npmjs.org/ms/-/ms-2.1.3.tgz",
      "integrity": "sha512-6FlzubTLZG3J2a/NVCAleEhjzq5oxgHyaCU9yYXvcLsvoVaHJq/s5xXI6/XXP6tz7R9xAOtHnSO/tXtF3WRTlA=="
    },
    "node_modules/node-domexception": {
      "version": "1.0.0",
      "resolved": "https://registry.npmjs.org/node-domexception/-/node-domexception-1.0.0.tgz",
      "integrity": "sha512-/jKZoMpw0F8GRwl4/eLROPA3cfcXtLApP0QzLmUT/HuPCZWyB7IY9ZrMeKw2O/nFIqPQB3PVM9aYm0F312AXDQ==",
      "funding": [
        {
          "type": "github",
          "url": "https://github.com/sponsors/jimmywarting"
        },
        {
          "type": "github",
          "url": "https://paypal.me/jimmywarting"
        }
      ],
      "engines": {
        "node": ">=10.5.0"
      }
    },
    "node_modules/node-emoji": {
      "version": "1.11.0",
      "resolved": "https://registry.npmjs.org/node-emoji/-/node-emoji-1.11.0.tgz",
      "integrity": "sha512-wo2DpQkQp7Sjm2A0cq+sN7EHKO6Sl0ctXeBdFZrL9T9+UywORbufTcTZxom8YqpLQt/FqNMUkOpkZrJVYSKD3A==",
      "dependencies": {
        "lodash": "^4.17.21"
      }
    },
    "node_modules/node-fetch": {
      "version": "2.7.0",
      "resolved": "https://registry.npmjs.org/node-fetch/-/node-fetch-2.7.0.tgz",
      "integrity": "sha512-c4FRfUm/dbcWZ7U+1Wq0AwCyFL+3nt2bEw05wfxSz+DWpWsitgmSgYmy2dQdWyKC1694ELPqMs/YzUSNozLt8A==",
      "dependencies": {
        "whatwg-url": "^5.0.0"
      },
      "engines": {
        "node": "4.x || >=6.0.0"
      },
      "peerDependencies": {
        "encoding": "^0.1.0"
      },
      "peerDependenciesMeta": {
        "encoding": {
          "optional": true
        }
      }
    },
    "node_modules/nopt": {
      "version": "2.1.2",
      "resolved": "https://registry.npmjs.org/nopt/-/nopt-2.1.2.tgz",
      "integrity": "sha512-x8vXm7BZ2jE1Txrxh/hO74HTuYZQEbo8edoRcANgdZ4+PCV+pbjd/xdummkmjjC7LU5EjPzlu8zEq/oxWylnKA==",
      "dependencies": {
        "abbrev": "1"
      },
      "bin": {
        "nopt": "bin/nopt.js"
      }
    },
    "node_modules/optimist": {
      "version": "0.3.7",
      "resolved": "https://registry.npmjs.org/optimist/-/optimist-0.3.7.tgz",
      "integrity": "sha512-TCx0dXQzVtSCg2OgY/bO9hjM9cV4XYx09TVK+s3+FhkjT6LovsLe+pPMzpWf+6yXK/hUizs2gUoTw3jHM0VaTQ==",
      "dependencies": {
        "wordwrap": "~0.0.2"
      }
    },
    "node_modules/p-limit": {
      "version": "2.3.0",
      "resolved": "https://registry.npmjs.org/p-limit/-/p-limit-2.3.0.tgz",
      "integrity": "sha512-//88mFWSJx8lxCzwdAABTJL2MyWB12+eIY7MDL2SqLmAkeKU9qxRvWuSyTjm3FUmpBEMuFfckAIqEaVGUDxb6w==",
      "dependencies": {
        "p-try": "^2.0.0"
      },
      "engines": {
        "node": ">=6"
      },
      "funding": {
        "url": "https://github.com/sponsors/sindresorhus"
      }
    },
    "node_modules/p-try": {
      "version": "2.2.0",
      "resolved": "https://registry.npmjs.org/p-try/-/p-try-2.2.0.tgz",
      "integrity": "sha512-R4nPAVTAU0B9D35/Gk3uJf/7XYbQcyohSKdvAxIRSNghFl4e71hVoGnBNQz9cWaXxO2I10KTC+3jMdvvoKw6dQ==",
      "engines": {
        "node": ">=6"
      }
    },
    "node_modules/picture-tuber": {
      "version": "1.0.2",
      "resolved": "https://registry.npmjs.org/picture-tuber/-/picture-tuber-1.0.2.tgz",
      "integrity": "sha512-49/xq+wzbwDeI32aPvwQJldM8pr7dKDRuR76IjztrkmiCkAQDaWFJzkmfVqCHmt/iFoPFhHmI9L0oKhthrTOQw==",
      "dependencies": {
        "buffers": "~0.1.1",
        "charm": "~0.1.0",
        "event-stream": "~0.9.8",
        "optimist": "~0.3.4",
        "png-js": "~0.1.0",
        "x256": "~0.0.1"
      },
      "bin": {
        "picture-tube": "bin/tube.js"
      },
      "engines": {
        "node": ">=0.4.0"
      }
    },
    "node_modules/png-js": {
      "version": "0.1.1",
      "resolved": "https://registry.npmjs.org/png-js/-/png-js-0.1.1.tgz",
      "integrity": "sha512-NTtk2SyfjBm+xYl2/VZJBhFnTQ4kU5qWC7VC4/iGbrgiU4FuB4xC+74erxADYJIqZICOR1HCvRA7EBHkpjTg9g=="
    },
    "node_modules/proxy-from-env": {
      "version": "1.1.0",
      "resolved": "https://registry.npmjs.org/proxy-from-env/-/proxy-from-env-1.1.0.tgz",
      "integrity": "sha512-D+zkORCbA9f1tdWRK0RaCR3GPv50cMxcrz4X8k5LTSUD1Dkw47mKJEZQNunItRTkWwgtaUSo1RVFRIG9ZXiFYg=="
    },
    "node_modules/readable-stream": {
      "version": "1.0.34",
      "resolved": "https://registry.npmjs.org/readable-stream/-/readable-stream-1.0.34.tgz",
      "integrity": "sha512-ok1qVCJuRkNmvebYikljxJA/UEsKwLl2nI1OmaqAu4/UE+h0wKCHok4XkL/gvi39OacXvw59RJUOFUkDib2rHg==",
      "dependencies": {
        "core-util-is": "~1.0.0",
        "inherits": "~2.0.1",
        "isarray": "0.0.1",
        "string_decoder": "~0.10.x"
      }
    },
    "node_modules/redeyed": {
      "version": "2.1.1",
      "resolved": "https://registry.npmjs.org/redeyed/-/redeyed-2.1.1.tgz",
      "integrity": "sha512-FNpGGo1DycYAdnrKFxCMmKYgo/mILAqtRYbkdQD8Ep/Hk2PQ5+aEAEx+IU713RTDmuBaH0c8P5ZozurNu5ObRQ==",
      "dependencies": {
        "esprima": "~4.0.0"
      }
    },
    "node_modules/sax": {
      "version": "1.4.1",
      "resolved": "https://registry.npmjs.org/sax/-/sax-1.4.1.tgz",
      "integrity": "sha512-+aWOz7yVScEGoKNd4PA10LZ8sk0A/z5+nXQG5giUO5rprX9jgYsTdov9qCchZiPIZezbZH+jRut8nPodFAX4Jg=="
    },
    "node_modules/sparkline": {
      "version": "0.1.2",
      "resolved": "https://registry.npmjs.org/sparkline/-/sparkline-0.1.2.tgz",
      "integrity": "sha512-t//aVOiWt9fi/e22ea1vXVWBDX+gp18y+Ch9sKqmHl828bRfvP2VtfTJVEcgWFBQHd0yDPNQRiHdqzCvbcYSDA==",
      "dependencies": {
        "here": "0.0.2",
        "nopt": "~2.1.2"
      },
      "bin": {
        "sparkline": "bin/sparkline"
      },
      "engines": {
        "node": ">= 0.8.0"
      }
    },
    "node_modules/string_decoder": {
      "version": "0.10.31",
      "resolved": "https://registry.npmjs.org/string_decoder/-/string_decoder-0.10.31.tgz",
      "integrity": "sha512-ev2QzSzWPYmy9GuqfIVildA4OdcGLeFZQrq5ys6RtiuF+RQQiZWr8TZNyAcuVXyQRYfEO+MsoB/1BuQVhOJuoQ=="
    },
    "node_modules/string-width": {
      "version": "4.2.3",
      "resolved": "https://registry.npmjs.org/string-width/-/string-width-4.2.3.tgz",
      "integrity": "sha512-wKyQRQpjJ0sIp62ErSZdGsjMJWsap5oRNihHhu6G7JVO/9jIB6UyevL+tXuOqrng8j/cxKTWyWUwvSTriiZz/g==",
      "dependencies": {
        "emoji-regex": "^8.0.0",
        "is-fullwidth-code-point": "^3.0.0",
        "strip-ansi": "^6.0.1"
      },
      "engines": {
        "node": ">=8"
      }
    },
    "node_modules/string-width/node_modules/ansi-regex": {
      "version": "5.0.1",
      "resolved": "https://registry.npmjs.org/ansi-regex/-/ansi-regex-5.0.1.tgz",
      "integrity": "sha512-quJQXlTSUGL2LH9SUXo8VwsY4soanhgo6LNSm84E1LBcE8s3O0wpdiRzyR9z/ZZJMlMWv37qOOb9pdJlMUEKFQ==",
      "engines": {
        "node": ">=8"
      }
    },
    "node_modules/string-width/node_modules/strip-ansi": {
      "version": "6.0.1",
      "resolved": "https://registry.npmjs.org/strip-ansi/-/strip-ansi-6.0.1.tgz",
      "integrity": "sha512-Y38VPSHcqkFrCpFnQ9vuSXmquuv5oXOKpGeT6aGrr3o3Gc9AlVa6JBfUSOCnbxGGZF+/0ooI7KrPuUSztUdU5A==",
      "dependencies": {
        "ansi-regex": "^5.0.1"
      },
      "engines": {
        "node": ">=8"
      }
    },
    "node_modules/strip-ansi": {
      "version": "3.0.1",
      "resolved": "https://registry.npmjs.org/strip-ansi/-/strip-ansi-3.0.1.tgz",
      "integrity": "sha512-VhumSSbBqDTP8p2ZLKj40UjBCV4+v8bUSEpUb4KjRgWk9pbqGF4REFj6KEagidb2f/M6AzC0EmFyDNGaw9OCzg==",
      "dependencies": {
        "ansi-regex": "^2.0.0"
      },
      "engines": {
        "node": ">=0.10.0"
      }
    },
    "node_modules/supports-color": {
      "version": "2.0.0",
      "resolved": "https://registry.npmjs.org/supports-color/-/supports-color-2.0.0.tgz",
      "integrity": "sha512-KKNVtd6pCYgPIKU4cp2733HWYCpplQhddZLBUryaAHou723x+FRzQ5Df824Fj+IyyuiQTRoub4SnIFfIcrp70g==",
      "engines": {
        "node": ">=0.8.0"
      }
    },
    "node_modules/supports-hyperlinks": {
      "version": "2.3.0",
      "resolved": "https://registry.npmjs.org/supports-hyperlinks/-/supports-hyperlinks-2.3.0.tgz",
      "integrity": "sha512-RpsAZlpWcDwOPQA22aCH4J0t7L8JmAvsCxfOSEwm7cQs3LshN36QaTkwd70DnBOXDWGssw2eUoc8CaRWT0XunA==",
      "dependencies": {
        "has-flag": "^4.0.0",
        "supports-color": "^7.0.0"
      },
      "engines": {
        "node": ">=8"
      }
    },
    "node_modules/supports-hyperlinks/node_modules/supports-color": {
      "version": "7.2.0",
      "resolved": "https://registry.npmjs.org/supports-color/-/supports-color-7.2.0.tgz",
      "integrity": "sha512-qpCAvRl9stuOHveKsn7HncJRvv501qIacKzQlO/+Lwxc9+0q2wLyv4Dfvt80/DPn2pqOBsJdDiogXGR9+OvwRw==",
      "dependencies": {
        "has-flag": "^4.0.0"
      },
      "engines": {
        "node": ">=8"
      }
    },
    "node_modules/term-canvas": {
      "version": "0.0.5",
      "resolved": "https://registry.npmjs.org/term-canvas/-/term-canvas-0.0.5.tgz",
      "integrity": "sha512-eZ3rIWi5yLnKiUcsW8P79fKyooaLmyLWAGqBhFspqMxRNUiB4GmHHk5AzQ4LxvFbJILaXqQZLwbbATLOhCFwkw=="
    },
    "node_modules/tr46": {
      "version": "0.0.3",
      "resolved": "https://registry.npmjs.org/tr46/-/tr46-0.0.3.tgz",
      "integrity": "sha512-N3WMsuqV66lT30CrXNbEjx4GEwlow3v6rr4mCcv6prnfwhS01rkgyFdjPNBYd9br7LpXV1+Emh01fHnq2Gdgrw=="
    },
    "node_modules/tslib": {
      "version": "2.7.0",
      "resolved": "https://registry.npmjs.org/tslib/-/tslib-2.7.0.tgz",
      "integrity": "sha512-gLXCKdN1/j47AiHiOkJN69hJmcbGTHI0ImLmbYLHykhgeN0jVGola9yVjFgzCUklsZQMW55o+dW7IXv3RCXDzA=="
    },
    "node_modules/undici-types": {
      "version": "5.26.5",
      "resolved": "https://registry.npmjs.org/undici-types/-/undici-types-5.26.5.tgz",
      "integrity": "sha512-JlCMO+ehdEIKqlFxk6IfVoAUVmgz7cU7zD/h9XZ0qzeosSHmUJVOzSQvvYSYWXkFXC+IfLKSIffhv0sVZup6pA=="
    },
    "node_modules/web-streams-polyfill": {
      "version": "4.0.0-beta.3",
      "resolved": "https://registry.npmjs.org/web-streams-polyfill/-/web-streams-polyfill-4.0.0-beta.3.tgz",
      "integrity": "sha512-QW95TCTaHmsYfHDybGMwO5IJIM93I/6vTRk+daHTWFPhwh+C8Cg7j7XyKrwrj8Ib6vYXe0ocYNrmzY4xAAN6ug==",
      "engines": {
        "node": ">= 14"
      }
    },
    "node_modules/webidl-conversions": {
      "version": "3.0.1",
      "resolved": "https://registry.npmjs.org/webidl-conversions/-/webidl-conversions-3.0.1.tgz",
      "integrity": "sha512-2JAn3z8AR6rjK8Sm8orRC0h/bcl/DqL7tRPdGZ4I1CjdF+EaMLmYxBHyXuKL849eucPFhvBoxMsflfOb8kxaeQ=="
    },
    "node_modules/whatwg-url": {
      "version": "5.0.0",
      "resolved": "https://registry.npmjs.org/whatwg-url/-/whatwg-url-5.0.0.tgz",
      "integrity": "sha512-saE57nupxk6v3HY35+jzBwYa0rKSy0XR8JSxZPwgLr7ys0IBzhGviA1/TUGJLmSVqs8pb9AnvICXEuOHLprYTw==",
      "dependencies": {
        "tr46": "~0.0.3",
        "webidl-conversions": "^3.0.0"
      }
    },
    "node_modules/wordwrap": {
      "version": "0.0.3",
      "resolved": "https://registry.npmjs.org/wordwrap/-/wordwrap-0.0.3.tgz",
      "integrity": "sha512-1tMA907+V4QmxV7dbRvb4/8MaRALK6q9Abid3ndMYnbyo8piisCmeONVqVSXqQA3KaP4SLt5b7ud6E2sqP8TFw==",
      "engines": {
        "node": ">=0.4.0"
      }
    },
    "node_modules/ws": {
      "version": "8.17.1",
      "resolved": "https://registry.npmjs.org/ws/-/ws-8.17.1.tgz",
      "integrity": "sha512-6XQFvXTkbfUOZOKKILFG1PDK2NDQs4azKQl26T0YS5CxqWLgXajbPZ+h4gZekJyRqFU8pvnbAbbs/3TgRPy+GQ==",
      "engines": {
        "node": ">=10.0.0"
      },
      "peerDependencies": {
        "bufferutil": "^4.0.1",
        "utf-8-validate": ">=5.0.2"
      },
      "peerDependenciesMeta": {
        "bufferutil": {
          "optional": true
        },
        "utf-8-validate": {
          "optional": true
        }
      }
    },
    "node_modules/x256": {
      "version": "0.0.2",
      "resolved": "https://registry.npmjs.org/x256/-/x256-0.0.2.tgz",
      "integrity": "sha512-ZsIH+sheoF8YG9YG+QKEEIdtqpHRA9FYuD7MqhfyB1kayXU43RUNBFSxBEnF8ywSUxdg+8no4+bPr5qLbyxKgA==",
      "engines": {
        "node": ">=0.4.0"
      }
    },
    "node_modules/xml2js": {
      "version": "0.4.23",
      "resolved": "https://registry.npmjs.org/xml2js/-/xml2js-0.4.23.tgz",
      "integrity": "sha512-ySPiMjM0+pLDftHgXY4By0uswI3SPKLDw/i3UXbnO8M/p28zqexCUoPmQFrYD+/1BzhGJSs2i1ERWKJAtiLrug==",
      "dependencies": {
        "sax": ">=0.6.0",
        "xmlbuilder": "~11.0.0"
      },
      "engines": {
        "node": ">=4.0.0"
      }
    },
    "node_modules/xmlbuilder": {
      "version": "11.0.1",
      "resolved": "https://registry.npmjs.org/xmlbuilder/-/xmlbuilder-11.0.1.tgz",
      "integrity": "sha512-fDlsI/kFEx7gLvbecc0/ohLG50fugQp8ryHzMTuW9vSa1GJ0XYWKnhsUx7oie3G98+r56aTQIUB4kht42R3JvA==",
      "engines": {
        "node": ">=4.0"
      }
    }
  }
}
